<?xml version="1.0" encoding="utf-8"?>
<Project ToolsVersion="4.0" xmlns="http://schemas.microsoft.com/developer/msbuild/2003">
  <ItemGroup>
    <Filter Include="Source Files">
      <UniqueIdentifier>{4FC737F1-C7A5-4376-A066-2A32D752A2FF}</UniqueIdentifier>
      <Extensions>cpp;c;cc;cxx;def;odl;idl;hpj;bat;asm;asmx</Extensions>
    </Filter>
    <Filter Include="Header Files">
      <UniqueIdentifier>{93995380-89BD-4b04-88EB-625FBE52EBFB}</UniqueIdentifier>
      <Extensions>h;hh;hpp;hxx;hm;inl;inc;xsd</Extensions>
    </Filter>
    <Filter Include="Resource Files">
      <UniqueIdentifier>{67DA6AB6-F800-4c08-8B7A-83BB121AAD01}</UniqueIdentifier>
      <Extensions>rc;ico;cur;bmp;dlg;rc2;rct;bin;rgs;gif;jpg;jpeg;jpe;resx;tiff;tif;png;wav;mfcribbon-ms</Extensions>
    </Filter>
    <Filter Include="Tank">
      <UniqueIdentifier>{34e2750f-7e29-488b-a21e-2c0d5eac394c}</UniqueIdentifier>
    </Filter>
    <Filter Include="Tank\Objects">
      <UniqueIdentifier>{48a3463b-3dfe-47df-b974-8a87b5ea17ff}</UniqueIdentifier>
    </Filter>
    <Filter Include="Tank\Tank States">
      <UniqueIdentifier>{7abd106d-2f28-4c61-847b-c5ac9a47c882}</UniqueIdentifier>
    </Filter>
    <Filter Include="Tank\Modules">
      <UniqueIdentifier>{4beb13f3-7351-4b02-bb8c-0ac43ec3f921}</UniqueIdentifier>
    </Filter>
    <Filter Include="Tile">
      <UniqueIdentifier>{96820484-f777-4635-ab2d-cd14b7bab885}</UniqueIdentifier>
    </Filter>
    <Filter Include="Tile\Objects">
      <UniqueIdentifier>{a3e90d9b-339a-4b4a-9d96-163409f77bee}</UniqueIdentifier>
    </Filter>
    <Filter Include="World">
      <UniqueIdentifier>{dc8bd4bc-381e-4f2c-8daf-bb6cf84c830f}</UniqueIdentifier>
    </Filter>
    <Filter Include="System Modules">
      <UniqueIdentifier>{76059231-50fe-4385-a98e-c0f4c52e3459}</UniqueIdentifier>
    </Filter>
    <Filter Include="XML Datas">
      <UniqueIdentifier>{b0dee23c-f8cb-4f8c-adf0-45c4a200fdca}</UniqueIdentifier>
    </Filter>
  </ItemGroup>
  <ItemGroup>
    <ClCompile Include="BattleCity.cpp">
      <Filter>Source Files</Filter>
    </ClCompile>
    <ClCompile Include="Input.cpp">
      <Filter>System Modules</Filter>
    </ClCompile>
    <ClCompile Include="Player.cpp">
      <Filter>Tank\Objects</Filter>
    </ClCompile>
    <ClCompile Include="Enemy.cpp">
      <Filter>Tank\Objects</Filter>
    </ClCompile>
    <ClCompile Include="CannonShell.cpp">
      <Filter>Tank\Objects</Filter>
    </ClCompile>
    <ClCompile Include="DownSide.cpp">
      <Filter>Tank\Tank States</Filter>
    </ClCompile>
    <ClCompile Include="LeftSide.cpp">
      <Filter>Tank\Tank States</Filter>
    </ClCompile>
    <ClCompile Include="RightSide.cpp">
      <Filter>Tank\Tank States</Filter>
    </ClCompile>
    <ClCompile Include="UpSide.cpp">
      <Filter>Tank\Tank States</Filter>
    </ClCompile>
    <ClCompile Include="TankState.cpp">
      <Filter>Tank\Tank States</Filter>
    </ClCompile>
    <ClCompile Include="TankAttack.cpp">
      <Filter>Tank\Modules</Filter>
    </ClCompile>
    <ClCompile Include="BrickTile.cpp">
      <Filter>Tile\Objects</Filter>
    </ClCompile>
    <ClCompile Include="IronTile.cpp">
      <Filter>Tile\Objects</Filter>
    </ClCompile>
    <ClCompile Include="World.cpp">
      <Filter>World</Filter>
    </ClCompile>
    <ClCompile Include="Map.cpp">
      <Filter>World</Filter>
    </ClCompile>
    <ClCompile Include="TankStateMachine.cpp">
      <Filter>Tank\Tank States</Filter>
    </ClCompile>
    <ClCompile Include="tinyxml2.cpp">
      <Filter>Source Files</Filter>
    </ClCompile>
    <ClCompile Include="Vector2.cpp">
      <Filter>Source Files</Filter>
    </ClCompile>
    <ClCompile Include="Tank.cpp">
      <Filter>Source Files</Filter>
    </ClCompile>
    <ClCompile Include="Tile.cpp">
      <Filter>Tile\Objects</Filter>
    </ClCompile>
    <ClCompile Include="SpriteRenderer.cpp">
      <Filter>Source Files</Filter>
    </ClCompile>
    <ClCompile Include="CollisionChecker.cpp">
      <Filter>Source Files</Filter>
    </ClCompile>
  </ItemGroup>
  <ItemGroup>
    <ClInclude Include="Input.h">
      <Filter>System Modules</Filter>
    </ClInclude>
    <ClInclude Include="Player.h">
      <Filter>Tank\Objects</Filter>
    </ClInclude>
    <ClInclude Include="Tank.h">
      <Filter>Tank\Objects</Filter>
    </ClInclude>
    <ClInclude Include="Enemy.h">
      <Filter>Tank\Objects</Filter>
    </ClInclude>
    <ClInclude Include="CannonShell.h">
      <Filter>Tank\Objects</Filter>
    </ClInclude>
    <ClInclude Include="DownSide.h">
      <Filter>Tank\Tank States</Filter>
    </ClInclude>
    <ClInclude Include="LeftSide.h">
      <Filter>Tank\Tank States</Filter>
    </ClInclude>
    <ClInclude Include="RightSide.h">
      <Filter>Tank\Tank States</Filter>
    </ClInclude>
    <ClInclude Include="TankState.h">
      <Filter>Tank\Tank States</Filter>
    </ClInclude>
    <ClInclude Include="TankStateMachine.h">
      <Filter>Tank\Tank States</Filter>
    </ClInclude>
    <ClInclude Include="UpSide.h">
      <Filter>Tank\Tank States</Filter>
    </ClInclude>
    <ClInclude Include="TankAttack.h">
      <Filter>Tank\Modules</Filter>
    </ClInclude>
    <ClInclude Include="Tile.h">
      <Filter>Tile\Objects</Filter>
    </ClInclude>
    <ClInclude Include="IronTile.h">
      <Filter>Tile\Objects</Filter>
    </ClInclude>
    <ClInclude Include="BrickTile.h">
      <Filter>Tile\Objects</Filter>
    </ClInclude>
    <ClInclude Include="World.h">
      <Filter>World</Filter>
    </ClInclude>
    <ClInclude Include="Macros.h">
      <Filter>World</Filter>
    </ClInclude>
    <ClInclude Include="Map.h">
      <Filter>World</Filter>
    </ClInclude>
    <ClInclude Include="tinyxml2.h">
      <Filter>Header Files</Filter>
    </ClInclude>
    <ClInclude Include="Vector2.h">
      <Filter>Header Files</Filter>
    </ClInclude>
    <ClInclude Include="SpriteRenderer.h">
      <Filter>Header Files</Filter>
    </ClInclude>
    <ClInclude Include="CollisionChecker.h">
      <Filter>Header Files</Filter>
    </ClInclude>
  </ItemGroup>
  <ItemGroup>
    <Xml Include="MapData.xml">
      <Filter>XML Datas</Filter>
    </Xml>
    <Xml Include="SpriteData.xml">
      <Filter>XML Datas</Filter>
    </Xml>
    <Xml Include="TankStatus.xml">
      <Filter>XML Datas</Filter>
    </Xml>
  </ItemGroup>
</Project>